
Microsoft Visual Studio Solution File, Format Version 12.00
# Visual Studio 2012
Project("{FAE04EC0-301F-11D3-BF4B-00C04F79EFBC}") = "Volndear", "Volndear\Volndear.csproj", "{297C171F-8A53-41EF-8AFF-3927412AFF1C}"
EndProject
Project("{FAE04EC0-301F-11D3-BF4B-00C04F79EFBC}") = "Volndear.Droid", "Droid\Volndear.Droid.csproj", "{999E1B53-B18D-406E-86E6-748424722B67}"
EndProject
Project("{FAE04EC0-301F-11D3-BF4B-00C04F79EFBC}") = "Volndear.iOS", "iOS\Volndear.iOS.csproj", "{2141281A-F096-4EE8-A0BF-6165BB7C8C11}"
EndProject
Global
	GlobalSection(SolutionConfigurationPlatforms) = preSolution
		Debug|Any CPU = Debug|Any CPU
		Release|Any CPU = Release|Any CPU
		Debug|iPhoneSimulator = Debug|iPhoneSimulator
		Release|iPhone = Release|iPhone
		Release|iPhoneSimulator = Release|iPhoneSimulator
		Debug|iPhone = Debug|iPhone
	EndGlobalSection
	GlobalSection(ProjectConfigurationPlatforms) = postSolution
		{297C171F-8A53-41EF-8AFF-3927412AFF1C}.Debug|Any CPU.ActiveCfg = Debug|Any CPU
		{297C171F-8A53-41EF-8AFF-3927412AFF1C}.Debug|Any CPU.Build.0 = Debug|Any CPU
		{297C171F-8A53-41EF-8AFF-3927412AFF1C}.Release|Any CPU.ActiveCfg = Release|Any CPU
		{297C171F-8A53-41EF-8AFF-3927412AFF1C}.Release|Any CPU.Build.0 = Release|Any CPU
		{297C171F-8A53-41EF-8AFF-3927412AFF1C}.Debug|iPhoneSimulator.ActiveCfg = Debug|Any CPU
		{297C171F-8A53-41EF-8AFF-3927412AFF1C}.Debug|iPhoneSimulator.Build.0 = Debug|Any CPU
		{297C171F-8A53-41EF-8AFF-3927412AFF1C}.Release|iPhone.ActiveCfg = Release|Any CPU
		{297C171F-8A53-41EF-8AFF-3927412AFF1C}.Release|iPhone.Build.0 = Release|Any CPU
		{297C171F-8A53-41EF-8AFF-3927412AFF1C}.Release|iPhoneSimulator.ActiveCfg = Release|Any CPU
		{297C171F-8A53-41EF-8AFF-3927412AFF1C}.Release|iPhoneSimulator.Build.0 = Release|Any CPU
		{297C171F-8A53-41EF-8AFF-3927412AFF1C}.Debug|iPhone.ActiveCfg = Debug|Any CPU
		{297C171F-8A53-41EF-8AFF-3927412AFF1C}.Debug|iPhone.Build.0 = Debug|Any CPU
		{999E1B53-B18D-406E-86E6-748424722B67}.Debug|Any CPU.ActiveCfg = Debug|Any CPU
		{999E1B53-B18D-406E-86E6-748424722B67}.Debug|Any CPU.Build.0 = Debug|Any CPU
		{999E1B53-B18D-406E-86E6-748424722B67}.Release|Any CPU.ActiveCfg = Release|Any CPU
		{999E1B53-B18D-406E-86E6-748424722B67}.Release|Any CPU.Build.0 = Release|Any CPU
		{999E1B53-B18D-406E-86E6-748424722B67}.Debug|iPhoneSimulator.ActiveCfg = Debug|Any CPU
		{999E1B53-B18D-406E-86E6-748424722B67}.Debug|iPhoneSimulator.Build.0 = Debug|Any CPU
		{999E1B53-B18D-406E-86E6-748424722B67}.Release|iPhone.ActiveCfg = Release|Any CPU
		{999E1B53-B18D-406E-86E6-748424722B67}.Release|iPhone.Build.0 = Release|Any CPU
		{999E1B53-B18D-406E-86E6-748424722B67}.Release|iPhoneSimulator.ActiveCfg = Release|Any CPU
		{999E1B53-B18D-406E-86E6-748424722B67}.Release|iPhoneSimulator.Build.0 = Release|Any CPU
		{999E1B53-B18D-406E-86E6-748424722B67}.Debug|iPhone.ActiveCfg = Debug|Any CPU
		{999E1B53-B18D-406E-86E6-748424722B67}.Debug|iPhone.Build.0 = Debug|Any CPU
		{2141281A-F096-4EE8-A0BF-6165BB7C8C11}.Debug|Any CPU.ActiveCfg = Debug|iPhoneSimulator
		{2141281A-F096-4EE8-A0BF-6165BB7C8C11}.Debug|Any CPU.Build.0 = Debug|iPhoneSimulator
		{2141281A-F096-4EE8-A0BF-6165BB7C8C11}.Release|Any CPU.ActiveCfg = Release|iPhone
		{2141281A-F096-4EE8-A0BF-6165BB7C8C11}.Release|Any CPU.Build.0 = Release|iPhone
		{2141281A-F096-4EE8-A0BF-6165BB7C8C11}.Debug|iPhoneSimulator.ActiveCfg = Debug|iPhoneSimulator
		{2141281A-F096-4EE8-A0BF-6165BB7C8C11}.Debug|iPhoneSimulator.Build.0 = Debug|iPhoneSimulator
		{2141281A-F096-4EE8-A0BF-6165BB7C8C11}.Release|iPhone.ActiveCfg = Release|iPhone
		{2141281A-F096-4EE8-A0BF-6165BB7C8C11}.Release|iPhone.Build.0 = Release|iPhone
		{2141281A-F096-4EE8-A0BF-6165BB7C8C11}.Release|iPhoneSimulator.ActiveCfg = Release|iPhoneSimulator
		{2141281A-F096-4EE8-A0BF-6165BB7C8C11}.Release|iPhoneSimulator.Build.0 = Release|iPhoneSimulator
		{2141281A-F096-4EE8-A0BF-6165BB7C8C11}.Debug|iPhone.ActiveCfg = Debug|iPhone
		{2141281A-F096-4EE8-A0BF-6165BB7C8C11}.Debug|iPhone.Build.0 = Debug|iPhone
	EndGlobalSection
EndGlobal
